
Microsoft Visual Studio Solution File, Format Version 12.00
# Visual Studio Version 16
VisualStudioVersion = 16.0.29324.140
MinimumVisualStudioVersion = 10.0.40219.1
Project("{FAE04EC0-301F-11D3-BF4B-00C04F79EFBC}") = "Listviewcrud", "Listviewcrud\Listviewcrud.csproj", "{7208AA47-4AF5-4369-BB4D-D4DE6469A665}"
EndProject
Global
	GlobalSection(SolutionConfigurationPlatforms) = preSolution
		Debug|Any CPU = Debug|Any CPU
		Release|Any CPU = Release|Any CPU
	EndGlobalSection
	GlobalSection(ProjectConfigurationPlatforms) = postSolution
		{7208AA47-4AF5-4369-BB4D-D4DE6469A665}.Debug|Any CPU.ActiveCfg = Debug|Any CPU
		{7208AA47-4AF5-4369-BB4D-D4DE6469A665}.Debug|Any CPU.Build.0 = Debug|Any CPU
		{7208AA47-4AF5-4369-BB4D-D4DE6469A665}.Release|Any CPU.ActiveCfg = Release|Any CPU
		{7208AA47-4AF5-4369-BB4D-D4DE6469A665}.Release|Any CPU.Build.0 = Release|Any CPU
	EndGlobalSection
	GlobalSection(SolutionProperties) = preSolution
		HideSolutionNode = FALSE
	EndGlobalSection
	GlobalSection(ExtensibilityGlobals) = postSolution
		SolutionGuid = {A83FB6E6-BE78-4DE5-AE7B-702D122B128E}
	EndGlobalSection
EndGlobal
